
Microsoft Visual Studio Solution File, Format Version 12.00
# Visual Studio Version 17
VisualStudioVersion = 17.1.32421.90
MinimumVisualStudioVersion = 10.0.40219.1
Project("{FAE04EC0-301F-11D3-BF4B-00C04F79EFBC}") = "ApiCertificateAuthClient", "ApiCertificateAuthClient\ApiCertificateAuthClient.csproj", "{5556C586-282B-42EF-98BA-52EEE94CB979}"
EndProject
Global
	GlobalSection(SolutionConfigurationPlatforms) = preSolution
		Debug|Any CPU = Debug|Any CPU
		Release|Any CPU = Release|Any CPU
	EndGlobalSection
	GlobalSection(ProjectConfigurationPlatforms) = postSolution
		{5556C586-282B-42EF-98BA-52EEE94CB979}.Debug|Any CPU.ActiveCfg = Debug|Any CPU
		{5556C586-282B-42EF-98BA-52EEE94CB979}.Debug|Any CPU.Build.0 = Debug|Any CPU
		{5556C586-282B-42EF-98BA-52EEE94CB979}.Release|Any CPU.ActiveCfg = Release|Any CPU
		{5556C586-282B-42EF-98BA-52EEE94CB979}.Release|Any CPU.Build.0 = Release|Any CPU
	EndGlobalSection
	GlobalSection(SolutionProperties) = preSolution
		HideSolutionNode = FALSE
	EndGlobalSection
	GlobalSection(ExtensibilityGlobals) = postSolution
		SolutionGuid = {D6E4B52D-2777-44FE-AFBF-A66073849337}
	EndGlobalSection
EndGlobal
